{
  "version": 4,
  "terraform_version": "1.15.8",
  "serial": 1,
  "lineage": "01bfabcc-be4d-f127-b751-41de2b730716",
  "outputs": {},
  "resources": [
    {
      "mode": "managed",
      "type": "random_id",
      "name": "suffix",
      "provider": "provider[\"registry.terraform.io/hashicorp/random\"]",
      "instances": [
        {
          "schema_version": 0,
          "attributes": {
            "b64_std": "bn9uBg==",
            "b64_url": "bn9uBg",
            "byte_length": 4,
            "dec": "1853844998",
            "hex": "6e7f6e06",
            "id": "bn9uBg",
            "keepers": null,
            "prefix": null
          },
          "sensitive_attributes": [],
          "identity_schema_version": 0
        }
      ]
    }
  ],
  "check_results": null
}
